// !$*UTF8*$!
{
	archiveVersion = 1;
	classes = {
	};
	objectVersion = 50;
	objects = {

/* Begin PBXBuildFile section */
		4A71DDAD89F7050D6888C1B0 /* Pods_CMDemo.framework in Frameworks */ = {isa = PBXBuildFile; fileRef = BEEEFB5806D5F0EEFC9A51A0 /* Pods_CMDemo.framework */; };
		4B13569922251FBF00A45A43 /* AppDelegate.m in Sources */ = {isa = PBXBuildFile; fileRef = 4B13569822251FBF00A45A43 /* AppDelegate.m */; };
		4B13569C22251FBF00A45A43 /* ViewController.m in Sources */ = {isa = PBXBuildFile; fileRef = 4B13569B22251FBF00A45A43 /* ViewController.m */; };
		4B13569F22251FBF00A45A43 /* Main.storyboard in Resources */ = {isa = PBXBuildFile; fileRef = 4B13569D22251FBF00A45A43 /* Main.storyboard */; };
		4B1356A122251FC200A45A43 /* Assets.xcassets in Resources */ = {isa = PBXBuildFile; fileRef = 4B1356A022251FC200A45A43 /* Assets.xcassets */; };
		4B1356A422251FC200A45A43 /* LaunchScreen.storyboard in Resources */ = {isa = PBXBuildFile; fileRef = 4B1356A222251FC200A45A43 /* LaunchScreen.storyboard */; };
		4B1356A722251FC200A45A43 /* main.m in Sources */ = {isa = PBXBuildFile; fileRef = 4B1356A622251FC200A45A43 /* main.m */; };
		4B1356B122251FC200A45A43 /* CMDemoTests.m in Sources */ = {isa = PBXBuildFile; fileRef = 4B1356B022251FC200A45A43 /* CMDemoTests.m */; };
		4B1356BC22251FC200A45A43 /* CMDemoUITests.m in Sources */ = {isa = PBXBuildFile; fileRef = 4B1356BB22251FC200A45A43 /* CMDemoUITests.m */; };
		4B1356CD2225212800A45A43 /* CMSDK.framework in Frameworks */ = {isa = PBXBuildFile; fileRef = 4B1356CA2225212800A45A43 /* CMSDK.framework */; };
		4B1356CE2225212800A45A43 /* CMSDK.podspec in Resources */ = {isa = PBXBuildFile; fileRef = 4B1356CB2225212800A45A43 /* CMSDK.podspec */; };
		4B1356CF2225212800A45A43 /* CMSDKBundle.bundle in Resources */ = {isa = PBXBuildFile; fileRef = 4B1356CC2225212800A45A43 /* CMSDKBundle.bundle */; };
		4BF1B7492252177900717201 /* TimeStampTool.m in Sources */ = {isa = PBXBuildFile; fileRef = 4BF1B7472252177800717201 /* TimeStampTool.m */; };
/* End PBXBuildFile section */

/* Begin PBXContainerItemProxy section */
		4B1356AD22251FC200A45A43 /* PBXContainerItemProxy */ = {
			isa = PBXContainerItemProxy;
			containerPortal = 4B13568C22251FBF00A45A43 /* Project object */;
			proxyType = 1;
			remoteGlobalIDString = 4B13569322251FBF00A45A43;
			remoteInfo = CMDemo;
		};
		4B1356B822251FC200A45A43 /* PBXContainerItemProxy */ = {
			isa = PBXContainerItemProxy;
			containerPortal = 4B13568C22251FBF00A45A43 /* Project object */;
			proxyType = 1;
			remoteGlobalIDString = 4B13569322251FBF00A45A43;
			remoteInfo = CMDemo;
		};
/* End PBXContainerItemProxy section */

/* Begin PBXFileReference section */
		4B13569422251FBF00A45A43 /* CMDemo.app */ = {isa = PBXFileReference; explicitFileType = wrapper.application; includeInIndex = 0; path = CMDemo.app; sourceTree = BUILT_PRODUCTS_DIR; };
		4B13569722251FBF00A45A43 /* AppDelegate.h */ = {isa = PBXFileReference; lastKnownFileType = sourcecode.c.h; path = AppDelegate.h; sourceTree = "<group>"; };
		4B13569822251FBF00A45A43 /* AppDelegate.m */ = {isa = PBXFileReference; lastKnownFileType = sourcecode.c.objc; path = AppDelegate.m; sourceTree = "<group>"; };
		4B13569A22251FBF00A45A43 /* ViewController.h */ = {isa = PBXFileReference; lastKnownFileType = sourcecode.c.h; path = ViewController.h; sourceTree = "<group>"; };
		4B13569B22251FBF00A45A43 /* ViewController.m */ = {isa = PBXFileReference; lastKnownFileType = sourcecode.c.objc; path = ViewController.m; sourceTree = "<group>"; };
		4B13569E22251FBF00A45A43 /* Base */ = {isa = PBXFileReference; lastKnownFileType = file.storyboard; name = Base; path = Base.lproj/Main.storyboard; sourceTree = "<group>"; };
		4B1356A022251FC200A45A43 /* Assets.xcassets */ = {isa = PBXFileReference; lastKnownFileType = folder.assetcatalog; path = Assets.xcassets; sourceTree = "<group>"; };
		4B1356A322251FC200A45A43 /* Base */ = {isa = PBXFileReference; lastKnownFileType = file.storyboard; name = Base; path = Base.lproj/LaunchScreen.storyboard; sourceTree = "<group>"; };
		4B1356A522251FC200A45A43 /* Info.plist */ = {isa = PBXFileReference; lastKnownFileType = text.plist.xml; path = Info.plist; sourceTree = "<group>"; };
		4B1356A622251FC200A45A43 /* main.m */ = {isa = PBXFileReference; lastKnownFileType = sourcecode.c.objc; path = main.m; sourceTree = "<group>"; };
		4B1356AC22251FC200A45A43 /* CMDemoTests.xctest */ = {isa = PBXFileReference; explicitFileType = wrapper.cfbundle; includeInIndex = 0; path = CMDemoTests.xctest; sourceTree = BUILT_PRODUCTS_DIR; };
		4B1356B022251FC200A45A43 /* CMDemoTests.m */ = {isa = PBXFileReference; lastKnownFileType = sourcecode.c.objc; path = CMDemoTests.m; sourceTree = "<group>"; };
		4B1356B222251FC200A45A43 /* Info.plist */ = {isa = PBXFileReference; lastKnownFileType = text.plist.xml; path = Info.plist; sourceTree = "<group>"; };
		4B1356B722251FC200A45A43 /* CMDemoUITests.xctest */ = {isa = PBXFileReference; explicitFileType = wrapper.cfbundle; includeInIndex = 0; path = CMDemoUITests.xctest; sourceTree = BUILT_PRODUCTS_DIR; };
		4B1356BB22251FC200A45A43 /* CMDemoUITests.m */ = {isa = PBXFileReference; lastKnownFileType = sourcecode.c.objc; path = CMDemoUITests.m; sourceTree = "<group>"; };
		4B1356BD22251FC200A45A43 /* Info.plist */ = {isa = PBXFileReference; lastKnownFileType = text.plist.xml; path = Info.plist; sourceTree = "<group>"; };
		4B1356CA2225212800A45A43 /* CMSDK.framework */ = {isa = PBXFileReference; lastKnownFileType = wrapper.framework; path = CMSDK.framework; sourceTree = "<group>"; };
		4B1356CB2225212800A45A43 /* CMSDK.podspec */ = {isa = PBXFileReference; fileEncoding = 4; lastKnownFileType = text; path = CMSDK.podspec; sourceTree = "<group>"; xcLanguageSpecificationIdentifier = xcode.lang.ruby; };
		4B1356CC2225212800A45A43 /* CMSDKBundle.bundle */ = {isa = PBXFileReference; lastKnownFileType = "wrapper.plug-in"; path = CMSDKBundle.bundle; sourceTree = "<group>"; };
		4BF1B7472252177800717201 /* TimeStampTool.m */ = {isa = PBXFileReference; fileEncoding = 4; lastKnownFileType = sourcecode.c.objc; path = TimeStampTool.m; sourceTree = "<group>"; };
		4BF1B7482252177800717201 /* TimeStampTool.h */ = {isa = PBXFileReference; fileEncoding = 4; lastKnownFileType = sourcecode.c.h; path = TimeStampTool.h; sourceTree = "<group>"; };
		8A7DCD35BEE4C8B19A6125C0 /* Pods-CMDemo.debug.xcconfig */ = {isa = PBXFileReference; includeInIndex = 1; lastKnownFileType = text.xcconfig; name = "Pods-CMDemo.debug.xcconfig"; path = "Target Support Files/Pods-CMDemo/Pods-CMDemo.debug.xcconfig"; sourceTree = "<group>"; };
		BEEEFB5806D5F0EEFC9A51A0 /* Pods_CMDemo.framework */ = {isa = PBXFileReference; explicitFileType = wrapper.framework; includeInIndex = 0; path = Pods_CMDemo.framework; sourceTree = BUILT_PRODUCTS_DIR; };
		D46C83D030AFC620FE79A4F9 /* Pods-CMDemo.release.xcconfig */ = {isa = PBXFileReference; includeInIndex = 1; lastKnownFileType = text.xcconfig; name = "Pods-CMDemo.release.xcconfig"; path = "Target Support Files/Pods-CMDemo/Pods-CMDemo.release.xcconfig"; sourceTree = "<group>"; };
/* End PBXFileReference section */

/* Begin PBXFrameworksBuildPhase section */
		4B13569122251FBF00A45A43 /* Frameworks */ = {
			isa = PBXFrameworksBuildPhase;
			buildActionMask = 2147483647;
			files = (
				4B1356CD2225212800A45A43 /* CMSDK.framework in Frameworks */,
				4A71DDAD89F7050D6888C1B0 /* Pods_CMDemo.framework in Frameworks */,
			);
			runOnlyForDeploymentPostprocessing = 0;
		};
		4B1356A922251FC200A45A43 /* Frameworks */ = {
			isa = PBXFrameworksBuildPhase;
			buildActionMask = 2147483647;
			files = (
			);
			runOnlyForDeploymentPostprocessing = 0;
		};
		4B1356B422251FC200A45A43 /* Frameworks */ = {
			isa = PBXFrameworksBuildPhase;
			buildActionMask = 2147483647;
			files = (
			);
			runOnlyForDeploymentPostprocessing = 0;
		};
/* End PBXFrameworksBuildPhase section */

/* Begin PBXGroup section */
		4B13568B22251FBF00A45A43 = {
			isa = PBXGroup;
			children = (
				4B13569622251FBF00A45A43 /* CMDemo */,
				4B1356AF22251FC200A45A43 /* CMDemoTests */,
				4B1356BA22251FC200A45A43 /* CMDemoUITests */,
				4B13569522251FBF00A45A43 /* Products */,
				DD00735367406526E4AC6376 /* Pods */,
				8B92D05F70B229E064A71329 /* Frameworks */,
			);
			sourceTree = "<group>";
		};
		4B13569522251FBF00A45A43 /* Products */ = {
			isa = PBXGroup;
			children = (
				4B13569422251FBF00A45A43 /* CMDemo.app */,
				4B1356AC22251FC200A45A43 /* CMDemoTests.xctest */,
				4B1356B722251FC200A45A43 /* CMDemoUITests.xctest */,
			);
			name = Products;
			sourceTree = "<group>";
		};
		4B13569622251FBF00A45A43 /* CMDemo */ = {
			isa = PBXGroup;
			children = (
				4B1356C92225212800A45A43 /* CMSDK */,
				4B13569722251FBF00A45A43 /* AppDelegate.h */,
				4B13569822251FBF00A45A43 /* AppDelegate.m */,
				4B13569A22251FBF00A45A43 /* ViewController.h */,
				4B13569B22251FBF00A45A43 /* ViewController.m */,
				4BF1B7482252177800717201 /* TimeStampTool.h */,
				4BF1B7472252177800717201 /* TimeStampTool.m */,
				4B13569D22251FBF00A45A43 /* Main.storyboard */,
				4B1356A022251FC200A45A43 /* Assets.xcassets */,
				4B1356A222251FC200A45A43 /* LaunchScreen.storyboard */,
				4B1356A522251FC200A45A43 /* Info.plist */,
				4B1356A622251FC200A45A43 /* main.m */,
			);
			path = CMDemo;
			sourceTree = "<group>";
		};
		4B1356AF22251FC200A45A43 /* CMDemoTests */ = {
			isa = PBXGroup;
			children = (
				4B1356B022251FC200A45A43 /* CMDemoTests.m */,
				4B1356B222251FC200A45A43 /* Info.plist */,
			);
			path = CMDemoTests;
			sourceTree = "<group>";
		};
		4B1356BA22251FC200A45A43 /* CMDemoUITests */ = {
			isa = PBXGroup;
			children = (
				4B1356BB22251FC200A45A43 /* CMDemoUITests.m */,
				4B1356BD22251FC200A45A43 /* Info.plist */,
			);
			path = CMDemoUITests;
			sourceTree = "<group>";
		};
		4B1356C92225212800A45A43 /* CMSDK */ = {
			isa = PBXGroup;
			children = (
				4B1356CA2225212800A45A43 /* CMSDK.framework */,
				4B1356CB2225212800A45A43 /* CMSDK.podspec */,
				4B1356CC2225212800A45A43 /* CMSDKBundle.bundle */,
			);
			path = CMSDK;
			sourceTree = "<group>";
		};
		8B92D05F70B229E064A71329 /* Frameworks */ = {
			isa = PBXGroup;
			children = (
				BEEEFB5806D5F0EEFC9A51A0 /* Pods_CMDemo.framework */,
			);
			name = Frameworks;
			sourceTree = "<group>";
		};
		DD00735367406526E4AC6376 /* Pods */ = {
			isa = PBXGroup;
			children = (
				8A7DCD35BEE4C8B19A6125C0 /* Pods-CMDemo.debug.xcconfig */,
				D46C83D030AFC620FE79A4F9 /* Pods-CMDemo.release.xcconfig */,
			);
			path = Pods;
			sourceTree = "<group>";
		};
/* End PBXGroup section */

/* Begin PBXNativeTarget section */
		4B13569322251FBF00A45A43 /* CMDemo */ = {
			isa = PBXNativeTarget;
			buildConfigurationList = 4B1356C022251FC200A45A43 /* Build configuration list for PBXNativeTarget "CMDemo" */;
			buildPhases = (
				3F5D01BBB0EDCE8A0A5A127E /* [CP] Check Pods Manifest.lock */,
				4B13569022251FBF00A45A43 /* Sources */,
				4B13569122251FBF00A45A43 /* Frameworks */,
				4B13569222251FBF00A45A43 /* Resources */,
				5926239276C82AA0F289C730 /* [CP] Embed Pods Frameworks */,
				16C74A6EBF4CBB4478A8F87D /* [CP] Copy Pods Resources */,
			);
			buildRules = (
			);
			dependencies = (
			);
			name = CMDemo;
			productName = CMDemo;
			productReference = 4B13569422251FBF00A45A43 /* CMDemo.app */;
			productType = "com.apple.product-type.application";
		};
		4B1356AB22251FC200A45A43 /* CMDemoTests */ = {
			isa = PBXNativeTarget;
			buildConfigurationList = 4B1356C322251FC200A45A43 /* Build configuration list for PBXNativeTarget "CMDemoTests" */;
			buildPhases = (
				4B1356A822251FC200A45A43 /* Sources */,
				4B1356A922251FC200A45A43 /* Frameworks */,
				4B1356AA22251FC200A45A43 /* Resources */,
			);
			buildRules = (
			);
			dependencies = (
				4B1356AE22251FC200A45A43 /* PBXTargetDependency */,
			);
			name = CMDemoTests;
			productName = CMDemoTests;
			productReference = 4B1356AC22251FC200A45A43 /* CMDemoTests.xctest */;
			productType = "com.apple.product-type.bundle.unit-test";
		};
		4B1356B622251FC200A45A43 /* CMDemoUITests */ = {
			isa = PBXNativeTarget;
			buildConfigurationList = 4B1356C622251FC200A45A43 /* Build configuration list for PBXNativeTarget "CMDemoUITests" */;
			buildPhases = (
				4B1356B322251FC200A45A43 /* Sources */,
				4B1356B422251FC200A45A43 /* Frameworks */,
				4B1356B522251FC200A45A43 /* Resources */,
			);
			buildRules = (
			);
			dependencies = (
				4B1356B922251FC200A45A43 /* PBXTargetDependency */,
			);
			name = CMDemoUITests;
			productName = CMDemoUITests;
			productReference = 4B1356B722251FC200A45A43 /* CMDemoUITests.xctest */;
			productType = "com.apple.product-type.bundle.ui-testing";
		};
/* End PBXNativeTarget section */

/* Begin PBXProject section */
		4B13568C22251FBF00A45A43 /* Project object */ = {
			isa = PBXProject;
			attributes = {
				LastUpgradeCheck = 1010;
				ORGANIZATIONNAME = tianlong;
				TargetAttributes = {
					4B13569322251FBF00A45A43 = {
						CreatedOnToolsVersion = 10.1;
					};
					4B1356AB22251FC200A45A43 = {
						CreatedOnToolsVersion = 10.1;
						TestTargetID = 4B13569322251FBF00A45A43;
					};
					4B1356B622251FC200A45A43 = {
						CreatedOnToolsVersion = 10.1;
						TestTargetID = 4B13569322251FBF00A45A43;
					};
				};
			};
			buildConfigurationList = 4B13568F22251FBF00A45A43 /* Build configuration list for PBXProject "CMDemo" */;
			compatibilityVersion = "Xcode 9.3";
			developmentRegion = en;
			hasScannedForEncodings = 0;
			knownRegions = (
				en,
				Base,
			);
			mainGroup = 4B13568B22251FBF00A45A43;
			productRefGroup = 4B13569522251FBF00A45A43 /* Products */;
			projectDirPath = "";
			projectRoot = "";
			targets = (
				4B13569322251FBF00A45A43 /* CMDemo */,
				4B1356AB22251FC200A45A43 /* CMDemoTests */,
				4B1356B622251FC200A45A43 /* CMDemoUITests */,
			);
		};
/* End PBXProject section */

/* Begin PBXResourcesBuildPhase section */
		4B13569222251FBF00A45A43 /* Resources */ = {
			isa = PBXResourcesBuildPhase;
			buildActionMask = 2147483647;
			files = (
				4B1356A422251FC200A45A43 /* LaunchScreen.storyboard in Resources */,
				4B1356A122251FC200A45A43 /* Assets.xcassets in Resources */,
				4B13569F22251FBF00A45A43 /* Main.storyboard in Resources */,
				4B1356CF2225212800A45A43 /* CMSDKBundle.bundle in Resources */,
				4B1356CE2225212800A45A43 /* CMSDK.podspec in Resources */,
			);
			runOnlyForDeploymentPostprocessing = 0;
		};
		4B1356AA22251FC200A45A43 /* Resources */ = {
			isa = PBXResourcesBuildPhase;
			buildActionMask = 2147483647;
			files = (
			);
			runOnlyForDeploymentPostprocessing = 0;
		};
		4B1356B522251FC200A45A43 /* Resources */ = {
			isa = PBXResourcesBuildPhase;
			buildActionMask = 2147483647;
			files = (
			);
			runOnlyForDeploymentPostprocessing = 0;
		};
/* End PBXResourcesBuildPhase section */

/* Begin PBXShellScriptBuildPhase section */
		16C74A6EBF4CBB4478A8F87D /* [CP] Copy Pods Resources */ = {
			isa = PBXShellScriptBuildPhase;
			buildActionMask = 2147483647;
			files = (
			);
			inputFileListPaths = (
			);
			inputPaths = (
				"${PODS_ROOT}/Target Support Files/Pods-CMDemo/Pods-CMDemo-resources.sh",
				"${PODS_ROOT}/../CMDemo/CMSDK/CMSDKBundle.bundle",
			);
			name = "[CP] Copy Pods Resources";
			outputFileListPaths = (
			);
			outputPaths = (
				"${TARGET_BUILD_DIR}/${UNLOCALIZED_RESOURCES_FOLDER_PATH}/CMSDKBundle.bundle",
			);
			runOnlyForDeploymentPostprocessing = 0;
			shellPath = /bin/sh;
			shellScript = "\"${PODS_ROOT}/Target Support Files/Pods-CMDemo/Pods-CMDemo-resources.sh\"\n";
			showEnvVarsInLog = 0;
		};
		3F5D01BBB0EDCE8A0A5A127E /* [CP] Check Pods Manifest.lock */ = {
			isa = PBXShellScriptBuildPhase;
			buildActionMask = 2147483647;
			files = (
			);
			inputFileListPaths = (
			);
			inputPaths = (
				"${PODS_PODFILE_DIR_PATH}/Podfile.lock",
				"${PODS_ROOT}/Manifest.lock",
			);
			name = "[CP] Check Pods Manifest.lock";
			outputFileListPaths = (
			);
			outputPaths = (
				"$(DERIVED_FILE_DIR)/Pods-CMDemo-checkManifestLockResult.txt",
			);
			runOnlyForDeploymentPostprocessing = 0;
			shellPath = /bin/sh;
			shellScript = "diff \"${PODS_PODFILE_DIR_PATH}/Podfile.lock\" \"${PODS_ROOT}/Manifest.lock\" > /dev/null\nif [ $? != 0 ] ; then\n    # print error to STDERR\n    echo \"error: The sandbox is not in sync with the Podfile.lock. Run 'pod install' or update your CocoaPods installation.\" >&2\n    exit 1\nfi\n# This output is used by Xcode 'outputs' to avoid re-running this script phase.\necho \"SUCCESS\" > \"${SCRIPT_OUTPUT_FILE_0}\"\n";
			showEnvVarsInLog = 0;
		};
		5926239276C82AA0F289C730 /* [CP] Embed Pods Frameworks */ = {
			isa = PBXShellScriptBuildPhase;
			buildActionMask = 2147483647;
			files = (
			);
			inputFileListPaths = (
			);
			inputPaths = (
				"${PODS_ROOT}/Target Support Files/Pods-CMDemo/Pods-CMDemo-frameworks.sh",
				"${BUILT_PRODUCTS_DIR}/AFNetworking/AFNetworking.framework",
				"${BUILT_PRODUCTS_DIR}/IQKeyboardManager/IQKeyboardManager.framework",
				"${BUILT_PRODUCTS_DIR}/JSONModel/JSONModel.framework",
				"${BUILT_PRODUCTS_DIR}/MBProgressHUD/MBProgressHUD.framework",
				"${BUILT_PRODUCTS_DIR}/Masonry/Masonry.framework",
				"${BUILT_PRODUCTS_DIR}/SDWebImage/SDWebImage.framework",
			);
			name = "[CP] Embed Pods Frameworks";
			outputFileListPaths = (
			);
			outputPaths = (
				"${TARGET_BUILD_DIR}/${FRAMEWORKS_FOLDER_PATH}/AFNetworking.framework",
				"${TARGET_BUILD_DIR}/${FRAMEWORKS_FOLDER_PATH}/IQKeyboardManager.framework",
				"${TARGET_BUILD_DIR}/${FRAMEWORKS_FOLDER_PATH}/JSONModel.framework",
				"${TARGET_BUILD_DIR}/${FRAMEWORKS_FOLDER_PATH}/MBProgressHUD.framework",
				"${TARGET_BUILD_DIR}/${FRAMEWORKS_FOLDER_PATH}/Masonry.framework",
				"${TARGET_BUILD_DIR}/${FRAMEWORKS_FOLDER_PATH}/SDWebImage.framework",
			);
			runOnlyForDeploymentPostprocessing = 0;
			shellPath = /bin/sh;
			shellScript = "\"${PODS_ROOT}/Target Support Files/Pods-CMDemo/Pods-CMDemo-frameworks.sh\"\n";
			showEnvVarsInLog = 0;
		};
/* End PBXShellScriptBuildPhase section */

/* Begin PBXSourcesBuildPhase section */
		4B13569022251FBF00A45A43 /* Sources */ = {
			isa = PBXSourcesBuildPhase;
			buildActionMask = 2147483647;
			files = (
				4BF1B7492252177900717201 /* TimeStampTool.m in Sources */,
				4B13569C22251FBF00A45A43 /* ViewController.m in Sources */,
				4B1356A722251FC200A45A43 /* main.m in Sources */,
				4B13569922251FBF00A45A43 /* AppDelegate.m in Sources */,
			);
			runOnlyForDeploymentPostprocessing = 0;
		};
		4B1356A822251FC200A45A43 /* Sources */ = {
			isa = PBXSourcesBuildPhase;
			buildActionMask = 2147483647;
			files = (
				4B1356B122251FC200A45A43 /* CMDemoTests.m in Sources */,
			);
			runOnlyForDeploymentPostprocessing = 0;
		};
		4B1356B322251FC200A45A43 /* Sources */ = {
			isa = PBXSourcesBuildPhase;
			buildActionMask = 2147483647;
			files = (
				4B1356BC22251FC200A45A43 /* CMDemoUITests.m in Sources */,
			);
			runOnlyForDeploymentPostprocessing = 0;
		};
/* End PBXSourcesBuildPhase section */

/* Begin PBXTargetDependency section */
		4B1356AE22251FC200A45A43 /* PBXTargetDependency */ = {
			isa = PBXTargetDependency;
			target = 4B13569322251FBF00A45A43 /* CMDemo */;
			targetProxy = 4B1356AD22251FC200A45A43 /* PBXContainerItemProxy */;
		};
		4B1356B922251FC200A45A43 /* PBXTargetDependency */ = {
			isa = PBXTargetDependency;
			target = 4B13569322251FBF00A45A43 /* CMDemo */;
			targetProxy = 4B1356B822251FC200A45A43 /* PBXContainerItemProxy */;
		};
/* End PBXTargetDependency section */

/* Begin PBXVariantGroup section */
		4B13569D22251FBF00A45A43 /* Main.storyboard */ = {
			isa = PBXVariantGroup;
			children = (
				4B13569E22251FBF00A45A43 /* Base */,
			);
			name = Main.storyboard;
			sourceTree = "<group>";
		};
		4B1356A222251FC200A45A43 /* LaunchScreen.storyboard */ = {
			isa = PBXVariantGroup;
			children = (
				4B1356A322251FC200A45A43 /* Base */,
			);
			name = LaunchScreen.storyboard;
			sourceTree = "<group>";
		};
/* End PBXVariantGroup section */

/* Begin XCBuildConfiguration section */
		4B1356BE22251FC200A45A43 /* Debug */ = {
			isa = XCBuildConfiguration;
			buildSettings = {
				ALWAYS_SEARCH_USER_PATHS = NO;
				CLANG_ANALYZER_NONNULL = YES;
				CLANG_ANALYZER_NUMBER_OBJECT_CONVERSION = YES_AGGRESSIVE;
				CLANG_CXX_LANGUAGE_STANDARD = "gnu++14";
				CLANG_CXX_LIBRARY = "libc++";
				CLANG_ENABLE_MODULES = YES;
				CLANG_ENABLE_OBJC_ARC = YES;
				CLANG_ENABLE_OBJC_WEAK = YES;
				CLANG_WARN_BLOCK_CAPTURE_AUTORELEASING = YES;
				CLANG_WARN_BOOL_CONVERSION = YES;
				CLANG_WARN_COMMA = YES;
				CLANG_WARN_CONSTANT_CONVERSION = YES;
				CLANG_WARN_DEPRECATED_OBJC_IMPLEMENTATIONS = YES;
				CLANG_WARN_DIRECT_OBJC_ISA_USAGE = YES_ERROR;
				CLANG_WARN_DOCUMENTATION_COMMENTS = YES;
				CLANG_WARN_EMPTY_BODY = YES;
				CLANG_WARN_ENUM_CONVERSION = YES;
				CLANG_WARN_INFINITE_RECURSION = YES;
				CLANG_WARN_INT_CONVERSION = YES;
				CLANG_WARN_NON_LITERAL_NULL_CONVERSION = YES;
				CLANG_WARN_OBJC_IMPLICIT_RETAIN_SELF = YES;
				CLANG_WARN_OBJC_LITERAL_CONVERSION = YES;
				CLANG_WARN_OBJC_ROOT_CLASS = YES_ERROR;
				CLANG_WARN_RANGE_LOOP_ANALYSIS = YES;
				CLANG_WARN_STRICT_PROTOTYPES = YES;
				CLANG_WARN_SUSPICIOUS_MOVE = YES;
				CLANG_WARN_UNGUARDED_AVAILABILITY = YES_AGGRESSIVE;
				CLANG_WARN_UNREACHABLE_CODE = YES;
				CLANG_WARN__DUPLICATE_METHOD_MATCH = YES;
				CODE_SIGN_IDENTITY = "iPhone Developer";
				COPY_PHASE_STRIP = NO;
				DEBUG_INFORMATION_FORMAT = dwarf;
				ENABLE_STRICT_OBJC_MSGSEND = YES;
				ENABLE_TESTABILITY = YES;
				GCC_C_LANGUAGE_STANDARD = gnu11;
				GCC_DYNAMIC_NO_PIC = NO;
				GCC_NO_COMMON_BLOCKS = YES;
				GCC_OPTIMIZATION_LEVEL = 0;
				GCC_PREPROCESSOR_DEFINITIONS = (
					"DEBUG=1",
					"$(inherited)",
				);
				GCC_WARN_64_TO_32_BIT_CONVERSION = YES;
				GCC_WARN_ABOUT_RETURN_TYPE = YES_ERROR;
				GCC_WARN_UNDECLARED_SELECTOR = YES;
				GCC_WARN_UNINITIALIZED_AUTOS = YES_AGGRESSIVE;
				GCC_WARN_UNUSED_FUNCTION = YES;
				GCC_WARN_UNUSED_VARIABLE = YES;
				IPHONEOS_DEPLOYMENT_TARGET = 12.1;
				MTL_ENABLE_DEBUG_INFO = INCLUDE_SOURCE;
				MTL_FAST_MATH = YES;
				ONLY_ACTIVE_ARCH = YES;
				SDKROOT = iphoneos;
			};
			name = Debug;
		};
		4B1356BF22251FC200A45A43 /* Release */ = {
			isa = XCBuildConfiguration;
			buildSettings = {
				ALWAYS_SEARCH_USER_PATHS = NO;
				CLANG_ANALYZER_NONNULL = YES;
				CLANG_ANALYZER_NUMBER_OBJECT_CONVERSION = YES_AGGRESSIVE;
				CLANG_CXX_LANGUAGE_STANDARD = "gnu++14";
				CLANG_CXX_LIBRARY = "libc++";
				CLANG_ENABLE_MODULES = YES;
				CLANG_ENABLE_OBJC_ARC = YES;
				CLANG_ENABLE_OBJC_WEAK = YES;
				CLANG_WARN_BLOCK_CAPTURE_AUTORELEASING = YES;
				CLANG_WARN_BOOL_CONVERSION = YES;
				CLANG_WARN_COMMA = YES;
				CLANG_WARN_CONSTANT_CONVERSION = YES;
				CLANG_WARN_DEPRECATED_OBJC_IMPLEMENTATIONS = YES;
				CLANG_WARN_DIRECT_OBJC_ISA_USAGE = YES_ERROR;
				CLANG_WARN_DOCUMENTATION_COMMENTS = YES;
				CLANG_WARN_EMPTY_BODY = YES;
				CLANG_WARN_ENUM_CONVERSION = YES;
				CLANG_WARN_INFINITE_RECURSION = YES;
				CLANG_WARN_INT_CONVERSION = YES;
				CLANG_WARN_NON_LITERAL_NULL_CONVERSION = YES;
				CLANG_WARN_OBJC_IMPLICIT_RETAIN_SELF = YES;
				CLANG_WARN_OBJC_LITERAL_CONVERSION = YES;
				CLANG_WARN_OBJC_ROOT_CLASS = YES_ERROR;
				CLANG_WARN_RANGE_LOOP_ANALYSIS = YES;
				CLANG_WARN_STRICT_PROTOTYPES = YES;
				CLANG_WARN_SUSPICIOUS_MOVE = YES;
				CLANG_WARN_UNGUARDED_AVAILABILITY = YES_AGGRESSIVE;
				CLANG_WARN_UNREACHABLE_CODE = YES;
				CLANG_WARN__DUPLICATE_METHOD_MATCH = YES;
				CODE_SIGN_IDENTITY = "iPhone Developer";
				COPY_PHASE_STRIP = NO;
				DEBUG_INFORMATION_FORMAT = "dwarf-with-dsym";
				ENABLE_NS_ASSERTIONS = NO;
				ENABLE_STRICT_OBJC_MSGSEND = YES;
				GCC_C_LANGUAGE_STANDARD = gnu11;
				GCC_NO_COMMON_BLOCKS = YES;
				GCC_WARN_64_TO_32_BIT_CONVERSION = YES;
				GCC_WARN_ABOUT_RETURN_TYPE = YES_ERROR;
				GCC_WARN_UNDECLARED_SELECTOR = YES;
				GCC_WARN_UNINITIALIZED_AUTOS = YES_AGGRESSIVE;
				GCC_WARN_UNUSED_FUNCTION = YES;
				GCC_WARN_UNUSED_VARIABLE = YES;
				IPHONEOS_DEPLOYMENT_TARGET = 12.1;
				MTL_ENABLE_DEBUG_INFO = NO;
				MTL_FAST_MATH = YES;
				SDKROOT = iphoneos;
				VALIDATE_PRODUCT = YES;
			};
			name = Release;
		};
		4B1356C122251FC200A45A43 /* Debug */ = {
			isa = XCBuildConfiguration;
			baseConfigurationReference = 8A7DCD35BEE4C8B19A6125C0 /* Pods-CMDemo.debug.xcconfig */;
			buildSettings = {
				ASSETCATALOG_COMPILER_APPICON_NAME = AppIcon;
				CODE_SIGN_STYLE = Manual;
				DEVELOPMENT_TEAM = QJ28T2ZGMB;
				ENABLE_BITCODE = YES;
				FRAMEWORK_SEARCH_PATHS = (
					"$(inherited)",
					"$(PROJECT_DIR)/CMDemo/CMSDK",
				);
				INFOPLIST_FILE = CMDemo/Info.plist;
				IPHONEOS_DEPLOYMENT_TARGET = 9.0;
				LD_RUNPATH_SEARCH_PATHS = (
					"$(inherited)",
					"@executable_path/Frameworks",
				);
				PRODUCT_BUNDLE_IDENTIFIER = com.ppdai.cmsdkdemo;
				PRODUCT_NAME = "$(TARGET_NAME)";
				PROVISIONING_PROFILE_SPECIFIER = wild_190103;
				TARGETED_DEVICE_FAMILY = 1;
			};
			name = Debug;
		};
		4B1356C222251FC200A45A43 /* Release */ = {
			isa = XCBuildConfiguration;
			baseConfigurationReference = D46C83D030AFC620FE79A4F9 /* Pods-CMDemo.release.xcconfig */;
			buildSettings = {
				ASSETCATALOG_COMPILER_APPICON_NAME = AppIcon;
				CODE_SIGN_IDENTITY = "iPhone Distribution";
				CODE_SIGN_STYLE = Manual;
				DEVELOPMENT_TEAM = QJ28T2ZGMB;
				ENABLE_BITCODE = YES;
				FRAMEWORK_SEARCH_PATHS = (
					"$(inherited)",
					"$(PROJECT_DIR)/CMDemo/CMSDK",
				);
				INFOPLIST_FILE = CMDemo/Info.plist;
				IPHONEOS_DEPLOYMENT_TARGET = 9.0;
				LD_RUNPATH_SEARCH_PATHS = (
					"$(inherited)",
					"@executable_path/Frameworks",
				);
				PRODUCT_BUNDLE_IDENTIFIER = com.ppdai.cmsdkdemo;
				PRODUCT_NAME = "$(TARGET_NAME)";
				PROVISIONING_PROFILE_SPECIFIER = CMSDK_DEMO_ADHOC;
				TARGETED_DEVICE_FAMILY = 1;
			};
			name = Release;
		};
		4B1356C422251FC200A45A43 /* Debug */ = {
			isa = XCBuildConfiguration;
			buildSettings = {
				BUNDLE_LOADER = "$(TEST_HOST)";
				CODE_SIGN_STYLE = Automatic;
				DEVELOPMENT_TEAM = QJ28T2ZGMB;
				INFOPLIST_FILE = CMDemoTests/Info.plist;
				LD_RUNPATH_SEARCH_PATHS = (
					"$(inherited)",
					"@executable_path/Frameworks",
					"@loader_path/Frameworks",
				);
				PRODUCT_BUNDLE_IDENTIFIER = com.ppdai.CMDemoTests;
				PRODUCT_NAME = "$(TARGET_NAME)";
				TARGETED_DEVICE_FAMILY = "1,2";
				TEST_HOST = "$(BUILT_PRODUCTS_DIR)/CMDemo.app/CMDemo";
			};
			name = Debug;
		};
		4B1356C522251FC200A45A43 /* Release */ = {
			isa = XCBuildConfiguration;
			buildSettings = {
				BUNDLE_LOADER = "$(TEST_HOST)";
				CODE_SIGN_STYLE = Automatic;
				DEVELOPMENT_TEAM = QJ28T2ZGMB;
				INFOPLIST_FILE = CMDemoTests/Info.plist;
				LD_RUNPATH_SEARCH_PATHS = (
					"$(inherited)",
					"@executable_path/Frameworks",
					"@loader_path/Frameworks",
				);
				PRODUCT_BUNDLE_IDENTIFIER = com.ppdai.CMDemoTests;
				PRODUCT_NAME = "$(TARGET_NAME)";
				TARGETED_DEVICE_FAMILY = "1,2";
				TEST_HOST = "$(BUILT_PRODUCTS_DIR)/CMDemo.app/CMDemo";
			};
			name = Release;
		};
		4B1356C722251FC200A45A43 /* Debug */ = {
			isa = XCBuildConfiguration;
			buildSettings = {
				CODE_SIGN_STYLE = Automatic;
				DEVELOPMENT_TEAM = QJ28T2ZGMB;
				INFOPLIST_FILE = CMDemoUITests/Info.plist;
				LD_RUNPATH_SEARCH_PATHS = (
					"$(inherited)",
					"@executable_path/Frameworks",
					"@loader_path/Frameworks",
				);
				PRODUCT_BUNDLE_IDENTIFIER = com.ppdai.CMDemoUITests;
				PRODUCT_NAME = "$(TARGET_NAME)";
				TARGETED_DEVICE_FAMILY = "1,2";
				TEST_TARGET_NAME = CMDemo;
			};
			name = Debug;
		};
		4B1356C822251FC200A45A43 /* Release */ = {
			isa = XCBuildConfiguration;
			buildSettings = {
				CODE_SIGN_STYLE = Automatic;
				DEVELOPMENT_TEAM = QJ28T2ZGMB;
				INFOPLIST_FILE = CMDemoUITests/Info.plist;
				LD_RUNPATH_SEARCH_PATHS = (
					"$(inherited)",
					"@executable_path/Frameworks",
					"@loader_path/Frameworks",
				);
				PRODUCT_BUNDLE_IDENTIFIER = com.ppdai.CMDemoUITests;
				PRODUCT_NAME = "$(TARGET_NAME)";
				TARGETED_DEVICE_FAMILY = "1,2";
				TEST_TARGET_NAME = CMDemo;
			};
			name = Release;
		};
/* End XCBuildConfiguration section */

/* Begin XCConfigurationList section */
		4B13568F22251FBF00A45A43 /* Build configuration list for PBXProject "CMDemo" */ = {
			isa = XCConfigurationList;
			buildConfigurations = (
				4B1356BE22251FC200A45A43 /* Debug */,
				4B1356BF22251FC200A45A43 /* Release */,
			);
			defaultConfigurationIsVisible = 0;
			defaultConfigurationName = Release;
		};
		4B1356C022251FC200A45A43 /* Build configuration list for PBXNativeTarget "CMDemo" */ = {
			isa = XCConfigurationList;
			buildConfigurations = (
				4B1356C122251FC200A45A43 /* Debug */,
				4B1356C222251FC200A45A43 /* Release */,
			);
			defaultConfigurationIsVisible = 0;
			defaultConfigurationName = Release;
		};
		4B1356C322251FC200A45A43 /* Build configuration list for PBXNativeTarget "CMDemoTests" */ = {
			isa = XCConfigurationList;
			buildConfigurations = (
				4B1356C422251FC200A45A43 /* Debug */,
				4B1356C522251FC200A45A43 /* Release */,
			);
			defaultConfigurationIsVisible = 0;
			defaultConfigurationName = Release;
		};
		4B1356C622251FC200A45A43 /* Build configuration list for PBXNativeTarget "CMDemoUITests" */ = {
			isa = XCConfigurationList;
			buildConfigurations = (
				4B1356C722251FC200A45A43 /* Debug */,
				4B1356C822251FC200A45A43 /* Release */,
			);
			defaultConfigurationIsVisible = 0;
			defaultConfigurationName = Release;
		};
/* End XCConfigurationList section */
	};
	rootObject = 4B13568C22251FBF00A45A43 /* Project object */;
}
